// !$*UTF8*$!
{
	archiveVersion = 1;
	classes = {
	};
	objectVersion = 77;
	objects = {

/* Begin PBXContainerItemProxy section */
		51DA04062D85E25F008A5439 /* PBXContainerItemProxy */ = {
			isa = PBXContainerItemProxy;
			containerPortal = 51DA03EC2D85E25E008A5439 /* Project object */;
			proxyType = 1;
			remoteGlobalIDString = 51DA03F32D85E25E008A5439;
			remoteInfo = EuroMillions;
		};
		51DA04102D85E25F008A5439 /* PBXContainerItemProxy */ = {
			isa = PBXContainerItemProxy;
			containerPortal = 51DA03EC2D85E25E008A5439 /* Project object */;
			proxyType = 1;
			remoteGlobalIDString = 51DA03F32D85E25E008A5439;
			remoteInfo = EuroMillions;
		};
/* End PBXContainerItemProxy section */

/* Begin PBXFileReference section */
		51DA03F42D85E25E008A5439 /* EuroMillions.app */ = {isa = PBXFileReference; explicitFileType = wrapper.application; includeInIndex = 0; path = EuroMillions.app; sourceTree = BUILT_PRODUCTS_DIR; };
		51DA04052D85E25F008A5439 /* EuroMillionsTests.xctest */ = {isa = PBXFileReference; explicitFileType = wrapper.cfbundle; includeInIndex = 0; path = EuroMillionsTests.xctest; sourceTree = BUILT_PRODUCTS_DIR; };
		51DA040F2D85E25F008A5439 /* EuroMillionsUITests.xctest */ = {isa = PBXFileReference; explicitFileType = wrapper.cfbundle; includeInIndex = 0; path = EuroMillionsUITests.xctest; sourceTree = BUILT_PRODUCTS_DIR; };
/* End PBXFileReference section */

/* Begin PBXFileSystemSynchronizedRootGroup section */
		51DA03F62D85E25E008A5439 /* EuroMillions */ = {
			isa = PBXFileSystemSynchronizedRootGroup;
			path = EuroMillions;
			sourceTree = "<group>";
		};
		51DA04082D85E25F008A5439 /* EuroMillionsTests */ = {
			isa = PBXFileSystemSynchronizedRootGroup;
			path = EuroMillionsTests;
			sourceTree = "<group>";
		};
		51DA04122D85E25F008A5439 /* EuroMillionsUITests */ = {
			isa = PBXFileSystemSynchronizedRootGroup;
			path = EuroMillionsUITests;
			sourceTree = "<group>";
		};
/* End PBXFileSystemSynchronizedRootGroup section */

/* Begin PBXFrameworksBuildPhase section */
		51DA03F12D85E25E008A5439 /* Frameworks */ = {
			isa = PBXFrameworksBuildPhase;
			buildActionMask = 2147483647;
			files = (
			);
			runOnlyForDeploymentPostprocessing = 0;
		};
		51DA04022D85E25F008A5439 /* Frameworks */ = {
			isa = PBXFrameworksBuildPhase;
			buildActionMask = 2147483647;
			files = (
			);
			runOnlyForDeploymentPostprocessing = 0;
		};
		51DA040C2D85E25F008A5439 /* Frameworks */ = {
			isa = PBXFrameworksBuildPhase;
			buildActionMask = 2147483647;
			files = (
			);
			runOnlyForDeploymentPostprocessing = 0;
		};
/* End PBXFrameworksBuildPhase section */

/* Begin PBXGroup section */
		51DA03EB2D85E25E008A5439 = {
			isa = PBXGroup;
			children = (
				51DA03F62D85E25E008A5439 /* EuroMillions */,
				51DA04082D85E25F008A5439 /* EuroMillionsTests */,
				51DA04122D85E25F008A5439 /* EuroMillionsUITests */,
				51DA03F52D85E25E008A5439 /* Products */,
			);
			sourceTree = "<group>";
		};
		51DA03F52D85E25E008A5439 /* Products */ = {
			isa = PBXGroup;
			children = (
				51DA03F42D85E25E008A5439 /* EuroMillions.app */,
				51DA04052D85E25F008A5439 /* EuroMillionsTests.xctest */,
				51DA040F2D85E25F008A5439 /* EuroMillionsUITests.xctest */,
			);
			name = Products;
			sourceTree = "<group>";
		};
/* End PBXGroup section */

/* Begin PBXNativeTarget section */
		51DA03F32D85E25E008A5439 /* EuroMillions */ = {
			isa = PBXNativeTarget;
			buildConfigurationList = 51DA04192D85E25F008A5439 /* Build configuration list for PBXNativeTarget "EuroMillions" */;
			buildPhases = (
				51DA03F02D85E25E008A5439 /* Sources */,
				51DA03F12D85E25E008A5439 /* Frameworks */,
				51DA03F22D85E25E008A5439 /* Resources */,
			);
			buildRules = (
			);
			dependencies = (
			);
			fileSystemSynchronizedGroups = (
				51DA03F62D85E25E008A5439 /* EuroMillions */,
			);
			name = EuroMillions;
			packageProductDependencies = (
			);
			productName = EuroMillions;
			productReference = 51DA03F42D85E25E008A5439 /* EuroMillions.app */;
			productType = "com.apple.product-type.application";
		};
		51DA04042D85E25F008A5439 /* EuroMillionsTests */ = {
			isa = PBXNativeTarget;
			buildConfigurationList = 51DA041C2D85E25F008A5439 /* Build configuration list for PBXNativeTarget "EuroMillionsTests" */;
			buildPhases = (
				51DA04012D85E25F008A5439 /* Sources */,
				51DA04022D85E25F008A5439 /* Frameworks */,
				51DA04032D85E25F008A5439 /* Resources */,
			);
			buildRules = (
			);
			dependencies = (
				51DA04072D85E25F008A5439 /* PBXTargetDependency */,
			);
			fileSystemSynchronizedGroups = (
				51DA04082D85E25F008A5439 /* EuroMillionsTests */,
			);
			name = EuroMillionsTests;
			packageProductDependencies = (
			);
			productName = EuroMillionsTests;
			productReference = 51DA04052D85E25F008A5439 /* EuroMillionsTests.xctest */;
			productType = "com.apple.product-type.bundle.unit-test";
		};
		51DA040E2D85E25F008A5439 /* EuroMillionsUITests */ = {
			isa = PBXNativeTarget;
			buildConfigurationList = 51DA041F2D85E25F008A5439 /* Build configuration list for PBXNativeTarget "EuroMillionsUITests" */;
			buildPhases = (
				51DA040B2D85E25F008A5439 /* Sources */,
				51DA040C2D85E25F008A5439 /* Frameworks */,
				51DA040D2D85E25F008A5439 /* Resources */,
			);
			buildRules = (
			);
			dependencies = (
				51DA04112D85E25F008A5439 /* PBXTargetDependency */,
			);
			fileSystemSynchronizedGroups = (
				51DA04122D85E25F008A5439 /* EuroMillionsUITests */,
			);
			name = EuroMillionsUITests;
			packageProductDependencies = (
			);
			productName = EuroMillionsUITests;
			productReference = 51DA040F2D85E25F008A5439 /* EuroMillionsUITests.xctest */;
			productType = "com.apple.product-type.bundle.ui-testing";
		};
/* End PBXNativeTarget section */

/* Begin PBXProject section */
		51DA03EC2D85E25E008A5439 /* Project object */ = {
			isa = PBXProject;
			attributes = {
				BuildIndependentTargetsInParallel = 1;
				LastSwiftUpdateCheck = 1620;
				LastUpgradeCheck = 1620;
				TargetAttributes = {
					51DA03F32D85E25E008A5439 = {
						CreatedOnToolsVersion = 16.2;
					};
					51DA04042D85E25F008A5439 = {
						CreatedOnToolsVersion = 16.2;
						TestTargetID = 51DA03F32D85E25E008A5439;
					};
					51DA040E2D85E25F008A5439 = {
						CreatedOnToolsVersion = 16.2;
						TestTargetID = 51DA03F32D85E25E008A5439;
					};
				};
			};
			buildConfigurationList = 51DA03EF2D85E25E008A5439 /* Build configuration list for PBXProject "EuroMillions" */;
			developmentRegion = en;
			hasScannedForEncodings = 0;
			knownRegions = (
				en,
				Base,
			);
			mainGroup = 51DA03EB2D85E25E008A5439;
			minimizedProjectReferenceProxies = 1;
			preferredProjectObjectVersion = 77;
			productRefGroup = 51DA03F52D85E25E008A5439 /* Products */;
			projectDirPath = "";
			projectRoot = "";
			targets = (
				51DA03F32D85E25E008A5439 /* EuroMillions */,
				51DA04042D85E25F008A5439 /* EuroMillionsTests */,
				51DA040E2D85E25F008A5439 /* EuroMillionsUITests */,
			);
		};
/* End PBXProject section */

/* Begin PBXResourcesBuildPhase section */
		51DA03F22D85E25E008A5439 /* Resources */ = {
			isa = PBXResourcesBuildPhase;
			buildActionMask = 2147483647;
			files = (
			);
			runOnlyForDeploymentPostprocessing = 0;
		};
		51DA04032D85E25F008A5439 /* Resources */ = {
			isa = PBXResourcesBuildPhase;
			buildActionMask = 2147483647;
			files = (
			);
			runOnlyForDeploymentPostprocessing = 0;
		};
		51DA040D2D85E25F008A5439 /* Resources */ = {
			isa = PBXResourcesBuildPhase;
			buildActionMask = 2147483647;
			files = (
			);
			runOnlyForDeploymentPostprocessing = 0;
		};
/* End PBXResourcesBuildPhase section */

/* Begin PBXSourcesBuildPhase section */
		51DA03F02D85E25E008A5439 /* Sources */ = {
			isa = PBXSourcesBuildPhase;
			buildActionMask = 2147483647;
			files = (
			);
			runOnlyForDeploymentPostprocessing = 0;
		};
		51DA04012D85E25F008A5439 /* Sources */ = {
			isa = PBXSourcesBuildPhase;
			buildActionMask = 2147483647;
			files = (
			);
			runOnlyForDeploymentPostprocessing = 0;
		};
		51DA040B2D85E25F008A5439 /* Sources */ = {
			isa = PBXSourcesBuildPhase;
			buildActionMask = 2147483647;
			files = (
			);
			runOnlyForDeploymentPostprocessing = 0;
		};
/* End PBXSourcesBuildPhase section */

/* Begin PBXTargetDependency section */
		51DA04072D85E25F008A5439 /* PBXTargetDependency */ = {
			isa = PBXTargetDependency;
			target = 51DA03F32D85E25E008A5439 /* EuroMillions */;
			targetProxy = 51DA04062D85E25F008A5439 /* PBXContainerItemProxy */;
		};
		51DA04112D85E25F008A5439 /* PBXTargetDependency */ = {
			isa = PBXTargetDependency;
			target = 51DA03F32D85E25E008A5439 /* EuroMillions */;
			targetProxy = 51DA04102D85E25F008A5439 /* PBXContainerItemProxy */;
		};
/* End PBXTargetDependency section */

/* Begin XCBuildConfiguration section */
		51DA04172D85E25F008A5439 /* Debug */ = {
			isa = XCBuildConfiguration;
			buildSettings = {
				ALWAYS_SEARCH_USER_PATHS = NO;
				ASSETCATALOG_COMPILER_GENERATE_SWIFT_ASSET_SYMBOL_EXTENSIONS = YES;
				CLANG_ANALYZER_NONNULL = YES;
				CLANG_ANALYZER_NUMBER_OBJECT_CONVERSION = YES_AGGRESSIVE;
				CLANG_CXX_LANGUAGE_STANDARD = "gnu++20";
				CLANG_ENABLE_MODULES = YES;
				CLANG_ENABLE_OBJC_ARC = YES;
				CLANG_ENABLE_OBJC_WEAK = YES;
				CLANG_WARN_BLOCK_CAPTURE_AUTORELEASING = YES;
				CLANG_WARN_BOOL_CONVERSION = YES;
				CLANG_WARN_COMMA = YES;
				CLANG_WARN_CONSTANT_CONVERSION = YES;
				CLANG_WARN_DEPRECATED_OBJC_IMPLEMENTATIONS = YES;
				CLANG_WARN_DIRECT_OBJC_ISA_USAGE = YES_ERROR;
				CLANG_WARN_DOCUMENTATION_COMMENTS = YES;
				CLANG_WARN_EMPTY_BODY = YES;
				CLANG_WARN_ENUM_CONVERSION = YES;
				CLANG_WARN_INFINITE_RECURSION = YES;
				CLANG_WARN_INT_CONVERSION = YES;
				CLANG_WARN_NON_LITERAL_NULL_CONVERSION = YES;
				CLANG_WARN_OBJC_IMPLICIT_RETAIN_SELF = YES;
				CLANG_WARN_OBJC_LITERAL_CONVERSION = YES;
				CLANG_WARN_OBJC_ROOT_CLASS = YES_ERROR;
				CLANG_WARN_QUOTED_INCLUDE_IN_FRAMEWORK_HEADER = YES;
				CLANG_WARN_RANGE_LOOP_ANALYSIS = YES;
				CLANG_WARN_STRICT_PROTOTYPES = YES;
				CLANG_WARN_SUSPICIOUS_MOVE = YES;
				CLANG_WARN_UNGUARDED_AVAILABILITY = YES_AGGRESSIVE;
				CLANG_WARN_UNREACHABLE_CODE = YES;
				CLANG_WARN__DUPLICATE_METHOD_MATCH = YES;
				COPY_PHASE_STRIP = NO;
				DEBUG_INFORMATION_FORMAT = dwarf;
				ENABLE_STRICT_OBJC_MSGSEND = YES;
				ENABLE_TESTABILITY = YES;
				ENABLE_USER_SCRIPT_SANDBOXING = YES;
				GCC_C_LANGUAGE_STANDARD = gnu17;
				GCC_DYNAMIC_NO_PIC = NO;
				GCC_NO_COMMON_BLOCKS = YES;
				GCC_OPTIMIZATION_LEVEL = 0;
				GCC_PREPROCESSOR_DEFINITIONS = (
					"DEBUG=1",
					"$(inherited)",
				);
				GCC_WARN_64_TO_32_BIT_CONVERSION = YES;
				GCC_WARN_ABOUT_RETURN_TYPE = YES_ERROR;
				GCC_WARN_UNDECLARED_SELECTOR = YES;
				GCC_WARN_UNINITIALIZED_AUTOS = YES_AGGRESSIVE;
				GCC_WARN_UNUSED_FUNCTION = YES;
				GCC_WARN_UNUSED_VARIABLE = YES;
				LOCALIZATION_PREFERS_STRING_CATALOGS = YES;
				MACOSX_DEPLOYMENT_TARGET = 15.2;
				MTL_ENABLE_DEBUG_INFO = INCLUDE_SOURCE;
				MTL_FAST_MATH = YES;
				ONLY_ACTIVE_ARCH = YES;
				SDKROOT = macosx;
				SWIFT_ACTIVE_COMPILATION_CONDITIONS = "DEBUG $(inherited)";
				SWIFT_OPTIMIZATION_LEVEL = "-Onone";
			};
			name = Debug;
		};
		51DA04182D85E25F008A5439 /* Release */ = {
			isa = XCBuildConfiguration;
			buildSettings = {
				ALWAYS_SEARCH_USER_PATHS = NO;
				ASSETCATALOG_COMPILER_GENERATE_SWIFT_ASSET_SYMBOL_EXTENSIONS = YES;
				CLANG_ANALYZER_NONNULL = YES;
				CLANG_ANALYZER_NUMBER_OBJECT_CONVERSION = YES_AGGRESSIVE;
				CLANG_CXX_LANGUAGE_STANDARD = "gnu++20";
				CLANG_ENABLE_MODULES = YES;
				CLANG_ENABLE_OBJC_ARC = YES;
				CLANG_ENABLE_OBJC_WEAK = YES;
				CLANG_WARN_BLOCK_CAPTURE_AUTORELEASING = YES;
				CLANG_WARN_BOOL_CONVERSION = YES;
				CLANG_WARN_COMMA = YES;
				CLANG_WARN_CONSTANT_CONVERSION = YES;
				CLANG_WARN_DEPRECATED_OBJC_IMPLEMENTATIONS = YES;
				CLANG_WARN_DIRECT_OBJC_ISA_USAGE = YES_ERROR;
				CLANG_WARN_DOCUMENTATION_COMMENTS = YES;
				CLANG_WARN_EMPTY_BODY = YES;
				CLANG_WARN_ENUM_CONVERSION = YES;
				CLANG_WARN_INFINITE_RECURSION = YES;
				CLANG_WARN_INT_CONVERSION = YES;
				CLANG_WARN_NON_LITERAL_NULL_CONVERSION = YES;
				CLANG_WARN_OBJC_IMPLICIT_RETAIN_SELF = YES;
				CLANG_WARN_OBJC_LITERAL_CONVERSION = YES;
				CLANG_WARN_OBJC_ROOT_CLASS = YES_ERROR;
				CLANG_WARN_QUOTED_INCLUDE_IN_FRAMEWORK_HEADER = YES;
				CLANG_WARN_RANGE_LOOP_ANALYSIS = YES;
				CLANG_WARN_STRICT_PROTOTYPES = YES;
				CLANG_WARN_SUSPICIOUS_MOVE = YES;
				CLANG_WARN_UNGUARDED_AVAILABILITY = YES_AGGRESSIVE;
				CLANG_WARN_UNREACHABLE_CODE = YES;
				CLANG_WARN__DUPLICATE_METHOD_MATCH = YES;
				COPY_PHASE_STRIP = NO;
				DEBUG_INFORMATION_FORMAT = "dwarf-with-dsym";
				ENABLE_NS_ASSERTIONS = NO;
				ENABLE_STRICT_OBJC_MSGSEND = YES;
				ENABLE_USER_SCRIPT_SANDBOXING = YES;
				GCC_C_LANGUAGE_STANDARD = gnu17;
				GCC_NO_COMMON_BLOCKS = YES;
				GCC_WARN_64_TO_32_BIT_CONVERSION = YES;
				GCC_WARN_ABOUT_RETURN_TYPE = YES_ERROR;
				GCC_WARN_UNDECLARED_SELECTOR = YES;
				GCC_WARN_UNINITIALIZED_AUTOS = YES_AGGRESSIVE;
				GCC_WARN_UNUSED_FUNCTION = YES;
				GCC_WARN_UNUSED_VARIABLE = YES;
				LOCALIZATION_PREFERS_STRING_CATALOGS = YES;
				MACOSX_DEPLOYMENT_TARGET = 15.2;
				MTL_ENABLE_DEBUG_INFO = NO;
				MTL_FAST_MATH = YES;
				SDKROOT = macosx;
				SWIFT_COMPILATION_MODE = wholemodule;
			};
			name = Release;
		};
		51DA041A2D85E25F008A5439 /* Debug */ = {
			isa = XCBuildConfiguration;
			buildSettings = {
				ASSETCATALOG_COMPILER_APPICON_NAME = AppIcon;
				ASSETCATALOG_COMPILER_GLOBAL_ACCENT_COLOR_NAME = AccentColor;
				CODE_SIGN_ENTITLEMENTS = EuroMillions/EuroMillions.entitlements;
				CODE_SIGN_STYLE = Automatic;
				COMBINE_HIDPI_IMAGES = YES;
				CURRENT_PROJECT_VERSION = 1;
				DEVELOPMENT_ASSET_PATHS = "\"EuroMillions/Preview Content\"";
				DEVELOPMENT_TEAM = AH9LX69V3W;
				ENABLE_HARDENED_RUNTIME = YES;
				ENABLE_PREVIEWS = YES;
				GENERATE_INFOPLIST_FILE = YES;
				INFOPLIST_KEY_NSHumanReadableCopyright = "";
				LD_RUNPATH_SEARCH_PATHS = (
					"$(inherited)",
					"@executable_path/../Frameworks",
				);
				MARKETING_VERSION = 1.0;
				PRODUCT_BUNDLE_IDENTIFIER = name.claudemerger.EuroMillions;
				PRODUCT_NAME = "$(TARGET_NAME)";
				SWIFT_EMIT_LOC_STRINGS = YES;
				SWIFT_VERSION = 5.0;
			};
			name = Debug;
		};
		51DA041B2D85E25F008A5439 /* Release */ = {
			isa = XCBuildConfiguration;
			buildSettings = {
				ASSETCATALOG_COMPILER_APPICON_NAME = AppIcon;
				ASSETCATALOG_COMPILER_GLOBAL_ACCENT_COLOR_NAME = AccentColor;
				CODE_SIGN_ENTITLEMENTS = EuroMillions/EuroMillions.entitlements;
				CODE_SIGN_STYLE = Automatic;
				COMBINE_HIDPI_IMAGES = YES;
				CURRENT_PROJECT_VERSION = 1;
				DEVELOPMENT_ASSET_PATHS = "\"EuroMillions/Preview Content\"";
				DEVELOPMENT_TEAM = AH9LX69V3W;
				ENABLE_HARDENED_RUNTIME = YES;
				ENABLE_PREVIEWS = YES;
				GENERATE_INFOPLIST_FILE = YES;
				INFOPLIST_KEY_NSHumanReadableCopyright = "";
				LD_RUNPATH_SEARCH_PATHS = (
					"$(inherited)",
					"@executable_path/../Frameworks",
				);
				MARKETING_VERSION = 1.0;
				PRODUCT_BUNDLE_IDENTIFIER = name.claudemerger.EuroMillions;
				PRODUCT_NAME = "$(TARGET_NAME)";
				SWIFT_EMIT_LOC_STRINGS = YES;
				SWIFT_VERSION = 5.0;
			};
			name = Release;
		};
		51DA041D2D85E25F008A5439 /* Debug */ = {
			isa = XCBuildConfiguration;
			buildSettings = {
				BUNDLE_LOADER = "$(TEST_HOST)";
				CODE_SIGN_STYLE = Automatic;
				CURRENT_PROJECT_VERSION = 1;
				DEVELOPMENT_TEAM = AH9LX69V3W;
				GENERATE_INFOPLIST_FILE = YES;
				MACOSX_DEPLOYMENT_TARGET = 15.2;
				MARKETING_VERSION = 1.0;
				PRODUCT_BUNDLE_IDENTIFIER = name.claudemerger.EuroMillionsTests;
				PRODUCT_NAME = "$(TARGET_NAME)";
				SWIFT_EMIT_LOC_STRINGS = NO;
				SWIFT_VERSION = 5.0;
				TEST_HOST = "$(BUILT_PRODUCTS_DIR)/EuroMillions.app/$(BUNDLE_EXECUTABLE_FOLDER_PATH)/EuroMillions";
			};
			name = Debug;
		};
		51DA041E2D85E25F008A5439 /* Release */ = {
			isa = XCBuildConfiguration;
			buildSettings = {
				BUNDLE_LOADER = "$(TEST_HOST)";
				CODE_SIGN_STYLE = Automatic;
				CURRENT_PROJECT_VERSION = 1;
				DEVELOPMENT_TEAM = AH9LX69V3W;
				GENERATE_INFOPLIST_FILE = YES;
				MACOSX_DEPLOYMENT_TARGET = 15.2;
				MARKETING_VERSION = 1.0;
				PRODUCT_BUNDLE_IDENTIFIER = name.claudemerger.EuroMillionsTests;
				PRODUCT_NAME = "$(TARGET_NAME)";
				SWIFT_EMIT_LOC_STRINGS = NO;
				SWIFT_VERSION = 5.0;
				TEST_HOST = "$(BUILT_PRODUCTS_DIR)/EuroMillions.app/$(BUNDLE_EXECUTABLE_FOLDER_PATH)/EuroMillions";
			};
			name = Release;
		};
		51DA04202D85E25F008A5439 /* Debug */ = {
			isa = XCBuildConfiguration;
			buildSettings = {
				CODE_SIGN_STYLE = Automatic;
				CURRENT_PROJECT_VERSION = 1;
				DEVELOPMENT_TEAM = AH9LX69V3W;
				GENERATE_INFOPLIST_FILE = YES;
				MARKETING_VERSION = 1.0;
				PRODUCT_BUNDLE_IDENTIFIER = name.claudemerger.EuroMillionsUITests;
				PRODUCT_NAME = "$(TARGET_NAME)";
				SWIFT_EMIT_LOC_STRINGS = NO;
				SWIFT_VERSION = 5.0;
				TEST_TARGET_NAME = EuroMillions;
			};
			name = Debug;
		};
		51DA04212D85E25F008A5439 /* Release */ = {
			isa = XCBuildConfiguration;
			buildSettings = {
				CODE_SIGN_STYLE = Automatic;
				CURRENT_PROJECT_VERSION = 1;
				DEVELOPMENT_TEAM = AH9LX69V3W;
				GENERATE_INFOPLIST_FILE = YES;
				MARKETING_VERSION = 1.0;
				PRODUCT_BUNDLE_IDENTIFIER = name.claudemerger.EuroMillionsUITests;
				PRODUCT_NAME = "$(TARGET_NAME)";
				SWIFT_EMIT_LOC_STRINGS = NO;
				SWIFT_VERSION = 5.0;
				TEST_TARGET_NAME = EuroMillions;
			};
			name = Release;
		};
/* End XCBuildConfiguration section */

/* Begin XCConfigurationList section */
		51DA03EF2D85E25E008A5439 /* Build configuration list for PBXProject "EuroMillions" */ = {
			isa = XCConfigurationList;
			buildConfigurations = (
				51DA04172D85E25F008A5439 /* Debug */,
				51DA04182D85E25F008A5439 /* Release */,
			);
			defaultConfigurationIsVisible = 0;
			defaultConfigurationName = Release;
		};
		51DA04192D85E25F008A5439 /* Build configuration list for PBXNativeTarget "EuroMillions" */ = {
			isa = XCConfigurationList;
			buildConfigurations = (
				51DA041A2D85E25F008A5439 /* Debug */,
				51DA041B2D85E25F008A5439 /* Release */,
			);
			defaultConfigurationIsVisible = 0;
			defaultConfigurationName = Release;
		};
		51DA041C2D85E25F008A5439 /* Build configuration list for PBXNativeTarget "EuroMillionsTests" */ = {
			isa = XCConfigurationList;
			buildConfigurations = (
				51DA041D2D85E25F008A5439 /* Debug */,
				51DA041E2D85E25F008A5439 /* Release */,
			);
			defaultConfigurationIsVisible = 0;
			defaultConfigurationName = Release;
		};
		51DA041F2D85E25F008A5439 /* Build configuration list for PBXNativeTarget "EuroMillionsUITests" */ = {
			isa = XCConfigurationList;
			buildConfigurations = (
				51DA04202D85E25F008A5439 /* Debug */,
				51DA04212D85E25F008A5439 /* Release */,
			);
			defaultConfigurationIsVisible = 0;
			defaultConfigurationName = Release;
		};
/* End XCConfigurationList section */
	};
	rootObject = 51DA03EC2D85E25E008A5439 /* Project object */;
}
